
Microsoft Visual Studio Solution File, Format Version 12.00
# Visual Studio 15
VisualStudioVersion = 15.0.28307.902
MinimumVisualStudioVersion = 10.0.40219.1
Project("{FAE04EC0-301F-11D3-BF4B-00C04F79EFBC}") = "Implement_GetEnumerator", "Implement_GetEnumerator\Implement_GetEnumerator.csproj", "{5D206677-9F41-428D-8D44-A313C7B4DDF6}"
EndProject
Global
	GlobalSection(SolutionConfigurationPlatforms) = preSolution
		Debug|Any CPU = Debug|Any CPU
		Release|Any CPU = Release|Any CPU
	EndGlobalSection
	GlobalSection(ProjectConfigurationPlatforms) = postSolution
		{5D206677-9F41-428D-8D44-A313C7B4DDF6}.Debug|Any CPU.ActiveCfg = Debug|Any CPU
		{5D206677-9F41-428D-8D44-A313C7B4DDF6}.Debug|Any CPU.Build.0 = Debug|Any CPU
		{5D206677-9F41-428D-8D44-A313C7B4DDF6}.Release|Any CPU.ActiveCfg = Release|Any CPU
		{5D206677-9F41-428D-8D44-A313C7B4DDF6}.Release|Any CPU.Build.0 = Release|Any CPU
	EndGlobalSection
	GlobalSection(SolutionProperties) = preSolution
		HideSolutionNode = FALSE
	EndGlobalSection
	GlobalSection(ExtensibilityGlobals) = postSolution
		SolutionGuid = {E71A0C46-3E00-475D-AA6E-65FF9ADB6658}
	EndGlobalSection
EndGlobal
