
Microsoft Visual Studio Solution File, Format Version 12.00
# Visual Studio 15
VisualStudioVersion = 15.0.28307.1259
MinimumVisualStudioVersion = 10.0.40219.1
Project("{FAE04EC0-301F-11D3-BF4B-00C04F79EFBC}") = "Builder", "Builder\Builder.csproj", "{8CC67AED-00BD-4D54-973F-0CC405661F4E}"
EndProject
Global
	GlobalSection(SolutionConfigurationPlatforms) = preSolution
		Debug|Any CPU = Debug|Any CPU
		Release|Any CPU = Release|Any CPU
	EndGlobalSection
	GlobalSection(ProjectConfigurationPlatforms) = postSolution
		{8CC67AED-00BD-4D54-973F-0CC405661F4E}.Debug|Any CPU.ActiveCfg = Debug|Any CPU
		{8CC67AED-00BD-4D54-973F-0CC405661F4E}.Debug|Any CPU.Build.0 = Debug|Any CPU
		{8CC67AED-00BD-4D54-973F-0CC405661F4E}.Release|Any CPU.ActiveCfg = Release|Any CPU
		{8CC67AED-00BD-4D54-973F-0CC405661F4E}.Release|Any CPU.Build.0 = Release|Any CPU
	EndGlobalSection
	GlobalSection(SolutionProperties) = preSolution
		HideSolutionNode = FALSE
	EndGlobalSection
	GlobalSection(ExtensibilityGlobals) = postSolution
		SolutionGuid = {DA0724ED-AC6A-4914-90C1-123DB21DCEA0}
	EndGlobalSection
EndGlobal
