
Microsoft Visual Studio Solution File, Format Version 12.00
# Visual Studio 15
VisualStudioVersion = 15.0.28307.1259
MinimumVisualStudioVersion = 10.0.40219.1
Project("{FAE04EC0-301F-11D3-BF4B-00C04F79EFBC}") = "Manufacturer", "Manufacturer\Manufacturer.csproj", "{3B00EE27-E17C-4BC0-AD56-7F60726A1DA3}"
EndProject
Global
	GlobalSection(SolutionConfigurationPlatforms) = preSolution
		Debug|Any CPU = Debug|Any CPU
		Release|Any CPU = Release|Any CPU
	EndGlobalSection
	GlobalSection(ProjectConfigurationPlatforms) = postSolution
		{3B00EE27-E17C-4BC0-AD56-7F60726A1DA3}.Debug|Any CPU.ActiveCfg = Debug|Any CPU
		{3B00EE27-E17C-4BC0-AD56-7F60726A1DA3}.Debug|Any CPU.Build.0 = Debug|Any CPU
		{3B00EE27-E17C-4BC0-AD56-7F60726A1DA3}.Release|Any CPU.ActiveCfg = Release|Any CPU
		{3B00EE27-E17C-4BC0-AD56-7F60726A1DA3}.Release|Any CPU.Build.0 = Release|Any CPU
	EndGlobalSection
	GlobalSection(SolutionProperties) = preSolution
		HideSolutionNode = FALSE
	EndGlobalSection
	GlobalSection(ExtensibilityGlobals) = postSolution
		SolutionGuid = {367F8A0D-8A9D-42DA-BA71-BF9E48406610}
	EndGlobalSection
EndGlobal
