
Microsoft Visual Studio Solution File, Format Version 12.00
# Visual Studio 15
VisualStudioVersion = 15.0.28307.1259
MinimumVisualStudioVersion = 10.0.40219.1
Project("{FAE04EC0-301F-11D3-BF4B-00C04F79EFBC}") = "ThreadSafetySingleton", "ThreadSafetySingleton\ThreadSafetySingleton.csproj", "{C9C61575-1810-415D-B768-B8149D173238}"
EndProject
Global
	GlobalSection(SolutionConfigurationPlatforms) = preSolution
		Debug|Any CPU = Debug|Any CPU
		Release|Any CPU = Release|Any CPU
	EndGlobalSection
	GlobalSection(ProjectConfigurationPlatforms) = postSolution
		{C9C61575-1810-415D-B768-B8149D173238}.Debug|Any CPU.ActiveCfg = Debug|Any CPU
		{C9C61575-1810-415D-B768-B8149D173238}.Debug|Any CPU.Build.0 = Debug|Any CPU
		{C9C61575-1810-415D-B768-B8149D173238}.Release|Any CPU.ActiveCfg = Release|Any CPU
		{C9C61575-1810-415D-B768-B8149D173238}.Release|Any CPU.Build.0 = Release|Any CPU
	EndGlobalSection
	GlobalSection(SolutionProperties) = preSolution
		HideSolutionNode = FALSE
	EndGlobalSection
	GlobalSection(ExtensibilityGlobals) = postSolution
		SolutionGuid = {4742FD4E-B871-4904-AAF9-1E0EEE3EAC0B}
	EndGlobalSection
EndGlobal
